
Microsoft Visual Studio Solution File, Format Version 12.00
# Visual Studio Version 16
VisualStudioVersion = 16.0.30907.101
MinimumVisualStudioVersion = 10.0.40219.1
Project("{9A19103F-16F7-4668-BE54-9A1E7A4F7556}") = "DriveBCPOM", "DriveBCPOM\DriveBCPOM.csproj", "{A470FDB1-CE6C-405A-ABE7-11C7E0AD0830}"
EndProject
Project("{FAE04EC0-301F-11D3-BF4B-00C04F79EFBC}") = "POMTests", "POMTests\POMTests.csproj", "{B95DBDC2-63A8-4984-A103-8EED04AC6511}"
EndProject
Global
	GlobalSection(SolutionConfigurationPlatforms) = preSolution
		Debug|Any CPU = Debug|Any CPU
		Release|Any CPU = Release|Any CPU
	EndGlobalSection
	GlobalSection(ProjectConfigurationPlatforms) = postSolution
		{A470FDB1-CE6C-405A-ABE7-11C7E0AD0830}.Debug|Any CPU.ActiveCfg = Debug|Any CPU
		{A470FDB1-CE6C-405A-ABE7-11C7E0AD0830}.Debug|Any CPU.Build.0 = Debug|Any CPU
		{A470FDB1-CE6C-405A-ABE7-11C7E0AD0830}.Release|Any CPU.ActiveCfg = Release|Any CPU
		{A470FDB1-CE6C-405A-ABE7-11C7E0AD0830}.Release|Any CPU.Build.0 = Release|Any CPU
		{B95DBDC2-63A8-4984-A103-8EED04AC6511}.Debug|Any CPU.ActiveCfg = Debug|Any CPU
		{B95DBDC2-63A8-4984-A103-8EED04AC6511}.Debug|Any CPU.Build.0 = Debug|Any CPU
		{B95DBDC2-63A8-4984-A103-8EED04AC6511}.Release|Any CPU.ActiveCfg = Release|Any CPU
		{B95DBDC2-63A8-4984-A103-8EED04AC6511}.Release|Any CPU.Build.0 = Release|Any CPU
	EndGlobalSection
	GlobalSection(SolutionProperties) = preSolution
		HideSolutionNode = FALSE
	EndGlobalSection
	GlobalSection(ExtensibilityGlobals) = postSolution
		SolutionGuid = {434D20D2-EDB6-4E1D-B871-562C831F1D3D}
	EndGlobalSection
EndGlobal
